
Microsoft Visual Studio Solution File, Format Version 12.00
# Visual Studio Version 16
VisualStudioVersion = 16.0.29509.3
MinimumVisualStudioVersion = 10.0.40219.1
Project("{FAE04EC0-301F-11D3-BF4B-00C04F79EFBC}") = "APP.UWP", "APP\APP.UWP\APP.UWP.csproj", "{8F9E12C4-DEAD-4529-8DF3-C50B0E3ED8E5}"
EndProject
Project("{FAE04EC0-301F-11D3-BF4B-00C04F79EFBC}") = "APP.Android", "APP\APP.Android\APP.Android.csproj", "{3513F016-FF01-4FB7-AAC4-7FBDD1A1893C}"
EndProject
Project("{FAE04EC0-301F-11D3-BF4B-00C04F79EFBC}") = "APP.iOS", "APP\APP.iOS\APP.iOS.csproj", "{A4AA4AE4-7279-4732-BC63-6349DE4A3BBF}"
EndProject
Project("{FAE04EC0-301F-11D3-BF4B-00C04F79EFBC}") = "APP", "APP\APP\APP.csproj", "{AF724263-11A1-4FFB-BC62-A09DF6BB383B}"
EndProject
Global
	GlobalSection(SolutionConfigurationPlatforms) = preSolution
		Debug|Any CPU = Debug|Any CPU
		Debug|ARM = Debug|ARM
		Debug|iPhone = Debug|iPhone
		Debug|iPhoneSimulator = Debug|iPhoneSimulator
		Debug|x64 = Debug|x64
		Debug|x86 = Debug|x86
		Release|Any CPU = Release|Any CPU
		Release|ARM = Release|ARM
		Release|iPhone = Release|iPhone
		Release|iPhoneSimulator = Release|iPhoneSimulator
		Release|x64 = Release|x64
		Release|x86 = Release|x86
	EndGlobalSection
	GlobalSection(ProjectConfigurationPlatforms) = postSolution
		{8F9E12C4-DEAD-4529-8DF3-C50B0E3ED8E5}.Debug|Any CPU.ActiveCfg = Debug|x86
		{8F9E12C4-DEAD-4529-8DF3-C50B0E3ED8E5}.Debug|Any CPU.Build.0 = Debug|x86
		{8F9E12C4-DEAD-4529-8DF3-C50B0E3ED8E5}.Debug|Any CPU.Deploy.0 = Debug|x86
		{8F9E12C4-DEAD-4529-8DF3-C50B0E3ED8E5}.Debug|ARM.ActiveCfg = Debug|ARM
		{8F9E12C4-DEAD-4529-8DF3-C50B0E3ED8E5}.Debug|ARM.Build.0 = Debug|ARM
		{8F9E12C4-DEAD-4529-8DF3-C50B0E3ED8E5}.Debug|ARM.Deploy.0 = Debug|ARM
		{8F9E12C4-DEAD-4529-8DF3-C50B0E3ED8E5}.Debug|iPhone.ActiveCfg = Debug|x86
		{8F9E12C4-DEAD-4529-8DF3-C50B0E3ED8E5}.Debug|iPhone.Build.0 = Debug|x86
		{8F9E12C4-DEAD-4529-8DF3-C50B0E3ED8E5}.Debug|iPhone.Deploy.0 = Debug|x86
		{8F9E12C4-DEAD-4529-8DF3-C50B0E3ED8E5}.Debug|iPhoneSimulator.ActiveCfg = Debug|x86
		{8F9E12C4-DEAD-4529-8DF3-C50B0E3ED8E5}.Debug|iPhoneSimulator.Build.0 = Debug|x86
		{8F9E12C4-DEAD-4529-8DF3-C50B0E3ED8E5}.Debug|iPhoneSimulator.Deploy.0 = Debug|x86
		{8F9E12C4-DEAD-4529-8DF3-C50B0E3ED8E5}.Debug|x64.ActiveCfg = Debug|x64
		{8F9E12C4-DEAD-4529-8DF3-C50B0E3ED8E5}.Debug|x64.Build.0 = Debug|x64
		{8F9E12C4-DEAD-4529-8DF3-C50B0E3ED8E5}.Debug|x64.Deploy.0 = Debug|x64
		{8F9E12C4-DEAD-4529-8DF3-C50B0E3ED8E5}.Debug|x86.ActiveCfg = Debug|x86
		{8F9E12C4-DEAD-4529-8DF3-C50B0E3ED8E5}.Debug|x86.Build.0 = Debug|x86
		{8F9E12C4-DEAD-4529-8DF3-C50B0E3ED8E5}.Debug|x86.Deploy.0 = Debug|x86
		{8F9E12C4-DEAD-4529-8DF3-C50B0E3ED8E5}.Release|Any CPU.ActiveCfg = Release|x86
		{8F9E12C4-DEAD-4529-8DF3-C50B0E3ED8E5}.Release|Any CPU.Build.0 = Release|x86
		{8F9E12C4-DEAD-4529-8DF3-C50B0E3ED8E5}.Release|Any CPU.Deploy.0 = Release|x86
		{8F9E12C4-DEAD-4529-8DF3-C50B0E3ED8E5}.Release|ARM.ActiveCfg = Release|ARM
		{8F9E12C4-DEAD-4529-8DF3-C50B0E3ED8E5}.Release|ARM.Build.0 = Release|ARM
		{8F9E12C4-DEAD-4529-8DF3-C50B0E3ED8E5}.Release|ARM.Deploy.0 = Release|ARM
		{8F9E12C4-DEAD-4529-8DF3-C50B0E3ED8E5}.Release|iPhone.ActiveCfg = Release|x86
		{8F9E12C4-DEAD-4529-8DF3-C50B0E3ED8E5}.Release|iPhone.Build.0 = Release|x86
		{8F9E12C4-DEAD-4529-8DF3-C50B0E3ED8E5}.Release|iPhone.Deploy.0 = Release|x86
		{8F9E12C4-DEAD-4529-8DF3-C50B0E3ED8E5}.Release|iPhoneSimulator.ActiveCfg = Release|x86
		{8F9E12C4-DEAD-4529-8DF3-C50B0E3ED8E5}.Release|iPhoneSimulator.Build.0 = Release|x86
		{8F9E12C4-DEAD-4529-8DF3-C50B0E3ED8E5}.Release|iPhoneSimulator.Deploy.0 = Release|x86
		{8F9E12C4-DEAD-4529-8DF3-C50B0E3ED8E5}.Release|x64.ActiveCfg = Release|x64
		{8F9E12C4-DEAD-4529-8DF3-C50B0E3ED8E5}.Release|x64.Build.0 = Release|x64
		{8F9E12C4-DEAD-4529-8DF3-C50B0E3ED8E5}.Release|x64.Deploy.0 = Release|x64
		{8F9E12C4-DEAD-4529-8DF3-C50B0E3ED8E5}.Release|x86.ActiveCfg = Release|x86
		{8F9E12C4-DEAD-4529-8DF3-C50B0E3ED8E5}.Release|x86.Build.0 = Release|x86
		{8F9E12C4-DEAD-4529-8DF3-C50B0E3ED8E5}.Release|x86.Deploy.0 = Release|x86
		{3513F016-FF01-4FB7-AAC4-7FBDD1A1893C}.Debug|Any CPU.ActiveCfg = Debug|Any CPU
		{3513F016-FF01-4FB7-AAC4-7FBDD1A1893C}.Debug|Any CPU.Build.0 = Debug|Any CPU
		{3513F016-FF01-4FB7-AAC4-7FBDD1A1893C}.Debug|Any CPU.Deploy.0 = Debug|Any CPU
		{3513F016-FF01-4FB7-AAC4-7FBDD1A1893C}.Debug|ARM.ActiveCfg = Debug|Any CPU
		{3513F016-FF01-4FB7-AAC4-7FBDD1A1893C}.Debug|ARM.Build.0 = Debug|Any CPU
		{3513F016-FF01-4FB7-AAC4-7FBDD1A1893C}.Debug|ARM.Deploy.0 = Debug|Any CPU
		{3513F016-FF01-4FB7-AAC4-7FBDD1A1893C}.Debug|iPhone.ActiveCfg = Debug|Any CPU
		{3513F016-FF01-4FB7-AAC4-7FBDD1A1893C}.Debug|iPhone.Build.0 = Debug|Any CPU
		{3513F016-FF01-4FB7-AAC4-7FBDD1A1893C}.Debug|iPhone.Deploy.0 = Debug|Any CPU
		{3513F016-FF01-4FB7-AAC4-7FBDD1A1893C}.Debug|iPhoneSimulator.ActiveCfg = Debug|Any CPU
		{3513F016-FF01-4FB7-AAC4-7FBDD1A1893C}.Debug|iPhoneSimulator.Build.0 = Debug|Any CPU
		{3513F016-FF01-4FB7-AAC4-7FBDD1A1893C}.Debug|iPhoneSimulator.Deploy.0 = Debug|Any CPU
		{3513F016-FF01-4FB7-AAC4-7FBDD1A1893C}.Debug|x64.ActiveCfg = Debug|Any CPU
		{3513F016-FF01-4FB7-AAC4-7FBDD1A1893C}.Debug|x64.Build.0 = Debug|Any CPU
		{3513F016-FF01-4FB7-AAC4-7FBDD1A1893C}.Debug|x64.Deploy.0 = Debug|Any CPU
		{3513F016-FF01-4FB7-AAC4-7FBDD1A1893C}.Debug|x86.ActiveCfg = Debug|Any CPU
		{3513F016-FF01-4FB7-AAC4-7FBDD1A1893C}.Debug|x86.Build.0 = Debug|Any CPU
		{3513F016-FF01-4FB7-AAC4-7FBDD1A1893C}.Debug|x86.Deploy.0 = Debug|Any CPU
		{3513F016-FF01-4FB7-AAC4-7FBDD1A1893C}.Release|Any CPU.ActiveCfg = Release|Any CPU
		{3513F016-FF01-4FB7-AAC4-7FBDD1A1893C}.Release|Any CPU.Build.0 = Release|Any CPU
		{3513F016-FF01-4FB7-AAC4-7FBDD1A1893C}.Release|Any CPU.Deploy.0 = Release|Any CPU
		{3513F016-FF01-4FB7-AAC4-7FBDD1A1893C}.Release|ARM.ActiveCfg = Release|Any CPU
		{3513F016-FF01-4FB7-AAC4-7FBDD1A1893C}.Release|ARM.Build.0 = Release|Any CPU
		{3513F016-FF01-4FB7-AAC4-7FBDD1A1893C}.Release|ARM.Deploy.0 = Release|Any CPU
		{3513F016-FF01-4FB7-AAC4-7FBDD1A1893C}.Release|iPhone.ActiveCfg = Release|Any CPU
		{3513F016-FF01-4FB7-AAC4-7FBDD1A1893C}.Release|iPhone.Build.0 = Release|Any CPU
		{3513F016-FF01-4FB7-AAC4-7FBDD1A1893C}.Release|iPhone.Deploy.0 = Release|Any CPU
		{3513F016-FF01-4FB7-AAC4-7FBDD1A1893C}.Release|iPhoneSimulator.ActiveCfg = Release|Any CPU
		{3513F016-FF01-4FB7-AAC4-7FBDD1A1893C}.Release|iPhoneSimulator.Build.0 = Release|Any CPU
		{3513F016-FF01-4FB7-AAC4-7FBDD1A1893C}.Release|iPhoneSimulator.Deploy.0 = Release|Any CPU
		{3513F016-FF01-4FB7-AAC4-7FBDD1A1893C}.Release|x64.ActiveCfg = Release|Any CPU
		{3513F016-FF01-4FB7-AAC4-7FBDD1A1893C}.Release|x64.Build.0 = Release|Any CPU
		{3513F016-FF01-4FB7-AAC4-7FBDD1A1893C}.Release|x64.Deploy.0 = Release|Any CPU
		{3513F016-FF01-4FB7-AAC4-7FBDD1A1893C}.Release|x86.ActiveCfg = Release|Any CPU
		{3513F016-FF01-4FB7-AAC4-7FBDD1A1893C}.Release|x86.Build.0 = Release|Any CPU
		{3513F016-FF01-4FB7-AAC4-7FBDD1A1893C}.Release|x86.Deploy.0 = Release|Any CPU
		{A4AA4AE4-7279-4732-BC63-6349DE4A3BBF}.Debug|Any CPU.ActiveCfg = Debug|iPhone
		{A4AA4AE4-7279-4732-BC63-6349DE4A3BBF}.Debug|Any CPU.Build.0 = Debug|iPhone
		{A4AA4AE4-7279-4732-BC63-6349DE4A3BBF}.Debug|Any CPU.Deploy.0 = Debug|iPhone
		{A4AA4AE4-7279-4732-BC63-6349DE4A3BBF}.Debug|ARM.ActiveCfg = Debug|iPhoneSimulator
		{A4AA4AE4-7279-4732-BC63-6349DE4A3BBF}.Debug|ARM.Build.0 = Debug|iPhoneSimulator
		{A4AA4AE4-7279-4732-BC63-6349DE4A3BBF}.Debug|ARM.Deploy.0 = Debug|iPhoneSimulator
		{A4AA4AE4-7279-4732-BC63-6349DE4A3BBF}.Debug|iPhone.ActiveCfg = Debug|iPhone
		{A4AA4AE4-7279-4732-BC63-6349DE4A3BBF}.Debug|iPhone.Build.0 = Debug|iPhone
		{A4AA4AE4-7279-4732-BC63-6349DE4A3BBF}.Debug|iPhone.Deploy.0 = Debug|iPhone
		{A4AA4AE4-7279-4732-BC63-6349DE4A3BBF}.Debug|iPhoneSimulator.ActiveCfg = Debug|iPhoneSimulator
		{A4AA4AE4-7279-4732-BC63-6349DE4A3BBF}.Debug|iPhoneSimulator.Build.0 = Debug|iPhoneSimulator
		{A4AA4AE4-7279-4732-BC63-6349DE4A3BBF}.Debug|iPhoneSimulator.Deploy.0 = Debug|iPhoneSimulator
		{A4AA4AE4-7279-4732-BC63-6349DE4A3BBF}.Debug|x64.ActiveCfg = Debug|iPhone
		{A4AA4AE4-7279-4732-BC63-6349DE4A3BBF}.Debug|x64.Build.0 = Debug|iPhone
		{A4AA4AE4-7279-4732-BC63-6349DE4A3BBF}.Debug|x64.Deploy.0 = Debug|iPhone
		{A4AA4AE4-7279-4732-BC63-6349DE4A3BBF}.Debug|x86.ActiveCfg = Debug|iPhone
		{A4AA4AE4-7279-4732-BC63-6349DE4A3BBF}.Debug|x86.Build.0 = Debug|iPhone
		{A4AA4AE4-7279-4732-BC63-6349DE4A3BBF}.Debug|x86.Deploy.0 = Debug|iPhone
		{A4AA4AE4-7279-4732-BC63-6349DE4A3BBF}.Release|Any CPU.ActiveCfg = Release|iPhone
		{A4AA4AE4-7279-4732-BC63-6349DE4A3BBF}.Release|Any CPU.Build.0 = Release|iPhone
		{A4AA4AE4-7279-4732-BC63-6349DE4A3BBF}.Release|Any CPU.Deploy.0 = Release|iPhone
		{A4AA4AE4-7279-4732-BC63-6349DE4A3BBF}.Release|ARM.ActiveCfg = Release|iPhone
		{A4AA4AE4-7279-4732-BC63-6349DE4A3BBF}.Release|ARM.Build.0 = Release|iPhone
		{A4AA4AE4-7279-4732-BC63-6349DE4A3BBF}.Release|ARM.Deploy.0 = Release|iPhone
		{A4AA4AE4-7279-4732-BC63-6349DE4A3BBF}.Release|iPhone.ActiveCfg = Release|iPhone
		{A4AA4AE4-7279-4732-BC63-6349DE4A3BBF}.Release|iPhone.Build.0 = Release|iPhone
		{A4AA4AE4-7279-4732-BC63-6349DE4A3BBF}.Release|iPhone.Deploy.0 = Release|iPhone
		{A4AA4AE4-7279-4732-BC63-6349DE4A3BBF}.Release|iPhoneSimulator.ActiveCfg = Release|iPhoneSimulator
		{A4AA4AE4-7279-4732-BC63-6349DE4A3BBF}.Release|iPhoneSimulator.Build.0 = Release|iPhoneSimulator
		{A4AA4AE4-7279-4732-BC63-6349DE4A3BBF}.Release|iPhoneSimulator.Deploy.0 = Release|iPhoneSimulator
		{A4AA4AE4-7279-4732-BC63-6349DE4A3BBF}.Release|x64.ActiveCfg = Release|iPhone
		{A4AA4AE4-7279-4732-BC63-6349DE4A3BBF}.Release|x64.Build.0 = Release|iPhone
		{A4AA4AE4-7279-4732-BC63-6349DE4A3BBF}.Release|x64.Deploy.0 = Release|iPhone
		{A4AA4AE4-7279-4732-BC63-6349DE4A3BBF}.Release|x86.ActiveCfg = Release|iPhone
		{A4AA4AE4-7279-4732-BC63-6349DE4A3BBF}.Release|x86.Build.0 = Release|iPhone
		{A4AA4AE4-7279-4732-BC63-6349DE4A3BBF}.Release|x86.Deploy.0 = Release|iPhone
		{AF724263-11A1-4FFB-BC62-A09DF6BB383B}.Debug|Any CPU.ActiveCfg = Debug|Any CPU
		{AF724263-11A1-4FFB-BC62-A09DF6BB383B}.Debug|Any CPU.Build.0 = Debug|Any CPU
		{AF724263-11A1-4FFB-BC62-A09DF6BB383B}.Debug|Any CPU.Deploy.0 = Debug|Any CPU
		{AF724263-11A1-4FFB-BC62-A09DF6BB383B}.Debug|ARM.ActiveCfg = Debug|Any CPU
		{AF724263-11A1-4FFB-BC62-A09DF6BB383B}.Debug|ARM.Build.0 = Debug|Any CPU
		{AF724263-11A1-4FFB-BC62-A09DF6BB383B}.Debug|ARM.Deploy.0 = Debug|Any CPU
		{AF724263-11A1-4FFB-BC62-A09DF6BB383B}.Debug|iPhone.ActiveCfg = Debug|Any CPU
		{AF724263-11A1-4FFB-BC62-A09DF6BB383B}.Debug|iPhone.Build.0 = Debug|Any CPU
		{AF724263-11A1-4FFB-BC62-A09DF6BB383B}.Debug|iPhone.Deploy.0 = Debug|Any CPU
		{AF724263-11A1-4FFB-BC62-A09DF6BB383B}.Debug|iPhoneSimulator.ActiveCfg = Debug|Any CPU
		{AF724263-11A1-4FFB-BC62-A09DF6BB383B}.Debug|iPhoneSimulator.Build.0 = Debug|Any CPU
		{AF724263-11A1-4FFB-BC62-A09DF6BB383B}.Debug|iPhoneSimulator.Deploy.0 = Debug|Any CPU
		{AF724263-11A1-4FFB-BC62-A09DF6BB383B}.Debug|x64.ActiveCfg = Debug|Any CPU
		{AF724263-11A1-4FFB-BC62-A09DF6BB383B}.Debug|x64.Build.0 = Debug|Any CPU
		{AF724263-11A1-4FFB-BC62-A09DF6BB383B}.Debug|x64.Deploy.0 = Debug|Any CPU
		{AF724263-11A1-4FFB-BC62-A09DF6BB383B}.Debug|x86.ActiveCfg = Debug|Any CPU
		{AF724263-11A1-4FFB-BC62-A09DF6BB383B}.Debug|x86.Build.0 = Debug|Any CPU
		{AF724263-11A1-4FFB-BC62-A09DF6BB383B}.Debug|x86.Deploy.0 = Debug|Any CPU
		{AF724263-11A1-4FFB-BC62-A09DF6BB383B}.Release|Any CPU.ActiveCfg = Release|Any CPU
		{AF724263-11A1-4FFB-BC62-A09DF6BB383B}.Release|Any CPU.Build.0 = Release|Any CPU
		{AF724263-11A1-4FFB-BC62-A09DF6BB383B}.Release|Any CPU.Deploy.0 = Release|Any CPU
		{AF724263-11A1-4FFB-BC62-A09DF6BB383B}.Release|ARM.ActiveCfg = Release|Any CPU
		{AF724263-11A1-4FFB-BC62-A09DF6BB383B}.Release|ARM.Build.0 = Release|Any CPU
		{AF724263-11A1-4FFB-BC62-A09DF6BB383B}.Release|ARM.Deploy.0 = Release|Any CPU
		{AF724263-11A1-4FFB-BC62-A09DF6BB383B}.Release|iPhone.ActiveCfg = Release|Any CPU
		{AF724263-11A1-4FFB-BC62-A09DF6BB383B}.Release|iPhone.Build.0 = Release|Any CPU
		{AF724263-11A1-4FFB-BC62-A09DF6BB383B}.Release|iPhone.Deploy.0 = Release|Any CPU
		{AF724263-11A1-4FFB-BC62-A09DF6BB383B}.Release|iPhoneSimulator.ActiveCfg = Release|Any CPU
		{AF724263-11A1-4FFB-BC62-A09DF6BB383B}.Release|iPhoneSimulator.Build.0 = Release|Any CPU
		{AF724263-11A1-4FFB-BC62-A09DF6BB383B}.Release|iPhoneSimulator.Deploy.0 = Release|Any CPU
		{AF724263-11A1-4FFB-BC62-A09DF6BB383B}.Release|x64.ActiveCfg = Release|Any CPU
		{AF724263-11A1-4FFB-BC62-A09DF6BB383B}.Release|x64.Build.0 = Release|Any CPU
		{AF724263-11A1-4FFB-BC62-A09DF6BB383B}.Release|x64.Deploy.0 = Release|Any CPU
		{AF724263-11A1-4FFB-BC62-A09DF6BB383B}.Release|x86.ActiveCfg = Release|Any CPU
		{AF724263-11A1-4FFB-BC62-A09DF6BB383B}.Release|x86.Build.0 = Release|Any CPU
		{AF724263-11A1-4FFB-BC62-A09DF6BB383B}.Release|x86.Deploy.0 = Release|Any CPU
	EndGlobalSection
	GlobalSection(SolutionProperties) = preSolution
		HideSolutionNode = FALSE
	EndGlobalSection
	GlobalSection(ExtensibilityGlobals) = postSolution
		SolutionGuid = {AFF433D6-49EB-4319-8C8A-A1F8104E0FF2}
	EndGlobalSection
EndGlobal
